#MicroXplorer Configuration settings - do not modify
ADC1.Channel-0\#ChannelRegularConversion=ADC_CHANNEL_VREFINT
ADC1.Channel-1\#ChannelRegularConversion=ADC_CHANNEL_TEMPSENSOR
ADC1.Channel-2\#ChannelRegularConversion=ADC_CHANNEL_9
ADC1.CommonPathInternal=ADC_CHANNEL_VREFINT|ADC_CHANNEL_TEMPSENSOR|null|null
ADC1.ContinuousConvMode=ENABLE
ADC1.ExternalTrigConv=ADC_EXTERNALTRIG_T2_TRGO
ADC1.IPParameters=Rank-0\#ChannelRegularConversion,Channel-0\#ChannelRegularConversion,SamplingTime-0\#ChannelRegularConversion,OffsetNumber-0\#ChannelRegularConversion,NbrOfConversionFlag,master,Rank-1\#ChannelRegularConversion,Channel-1\#ChannelRegularConversion,SamplingTime-1\#ChannelRegularConversion,OffsetNumber-1\#ChannelRegularConversion,Rank-2\#ChannelRegularConversion,Channel-2\#ChannelRegularConversion,SamplingTime-2\#ChannelRegularConversion,OffsetNumber-2\#ChannelRegularConversion,NbrOfConversion,ExternalTrigConv,ContinuousConvMode,CommonPathInternal
ADC1.NbrOfConversion=3
ADC1.NbrOfConversionFlag=1
ADC1.OffsetNumber-0\#ChannelRegularConversion=ADC_OFFSET_NONE
ADC1.OffsetNumber-1\#ChannelRegularConversion=ADC_OFFSET_NONE
ADC1.OffsetNumber-2\#ChannelRegularConversion=ADC_OFFSET_NONE
ADC1.Rank-0\#ChannelRegularConversion=1
ADC1.Rank-1\#ChannelRegularConversion=2
ADC1.Rank-2\#ChannelRegularConversion=3
ADC1.SamplingTime-0\#ChannelRegularConversion=ADC_SAMPLETIME_640CYCLES_5
ADC1.SamplingTime-1\#ChannelRegularConversion=ADC_SAMPLETIME_640CYCLES_5
ADC1.SamplingTime-2\#ChannelRegularConversion=ADC_SAMPLETIME_640CYCLES_5
ADC1.master=1
CAD.formats=
CAD.pinconfig=
CAD.provider=
Dma.ADC1.0.Direction=DMA_PERIPH_TO_MEMORY
Dma.ADC1.0.EventEnable=DISABLE
Dma.ADC1.0.Instance=DMA1_Channel1
Dma.ADC1.0.MemDataAlignment=DMA_MDATAALIGN_HALFWORD
Dma.ADC1.0.MemInc=DMA_MINC_ENABLE
Dma.ADC1.0.Mode=DMA_CIRCULAR
Dma.ADC1.0.PeriphDataAlignment=DMA_PDATAALIGN_HALFWORD
Dma.ADC1.0.PeriphInc=DMA_PINC_DISABLE
Dma.ADC1.0.Polarity=HAL_DMAMUX_REQ_GEN_RISING
Dma.ADC1.0.Priority=DMA_PRIORITY_LOW
Dma.ADC1.0.RequestNumber=1
Dma.ADC1.0.RequestParameters=Instance,Direction,PeriphInc,MemInc,PeriphDataAlignment,MemDataAlignment,Mode,Priority,SignalID,Polarity,RequestNumber,SyncSignalID,SyncPolarity,SyncEnable,EventEnable,SyncRequestNumber
Dma.ADC1.0.SignalID=NONE
Dma.ADC1.0.SyncEnable=DISABLE
Dma.ADC1.0.SyncPolarity=HAL_DMAMUX_SYNC_NO_EVENT
Dma.ADC1.0.SyncRequestNumber=1
Dma.ADC1.0.SyncSignalID=NONE
Dma.LPUART1_RX.1.Direction=DMA_PERIPH_TO_MEMORY
Dma.LPUART1_RX.1.EventEnable=DISABLE
Dma.LPUART1_RX.1.Instance=DMA1_Channel2
Dma.LPUART1_RX.1.MemDataAlignment=DMA_MDATAALIGN_BYTE
Dma.LPUART1_RX.1.MemInc=DMA_MINC_ENABLE
Dma.LPUART1_RX.1.Mode=DMA_CIRCULAR
Dma.LPUART1_RX.1.PeriphDataAlignment=DMA_PDATAALIGN_BYTE
Dma.LPUART1_RX.1.PeriphInc=DMA_PINC_DISABLE
Dma.LPUART1_RX.1.Polarity=HAL_DMAMUX_REQ_GEN_RISING
Dma.LPUART1_RX.1.Priority=DMA_PRIORITY_LOW
Dma.LPUART1_RX.1.RequestNumber=1
Dma.LPUART1_RX.1.RequestParameters=Instance,Direction,PeriphInc,MemInc,PeriphDataAlignment,MemDataAlignment,Mode,Priority,SignalID,Polarity,RequestNumber,SyncSignalID,SyncPolarity,SyncEnable,EventEnable,SyncRequestNumber
Dma.LPUART1_RX.1.SignalID=NONE
Dma.LPUART1_RX.1.SyncEnable=DISABLE
Dma.LPUART1_RX.1.SyncPolarity=HAL_DMAMUX_SYNC_NO_EVENT
Dma.LPUART1_RX.1.SyncRequestNumber=1
Dma.LPUART1_RX.1.SyncSignalID=NONE
Dma.Request0=ADC1
Dma.Request1=LPUART1_RX
Dma.Request2=USART1_RX
Dma.RequestsNb=3
Dma.USART1_RX.2.Direction=DMA_PERIPH_TO_MEMORY
Dma.USART1_RX.2.EventEnable=DISABLE
Dma.USART1_RX.2.Instance=DMA1_Channel3
Dma.USART1_RX.2.MemDataAlignment=DMA_MDATAALIGN_BYTE
Dma.USART1_RX.2.MemInc=DMA_MINC_ENABLE
Dma.USART1_RX.2.Mode=DMA_CIRCULAR
Dma.USART1_RX.2.PeriphDataAlignment=DMA_PDATAALIGN_BYTE
Dma.USART1_RX.2.PeriphInc=DMA_PINC_DISABLE
Dma.USART1_RX.2.Polarity=HAL_DMAMUX_REQ_GEN_RISING
Dma.USART1_RX.2.Priority=DMA_PRIORITY_LOW
Dma.USART1_RX.2.RequestNumber=1
Dma.USART1_RX.2.RequestParameters=Instance,Direction,PeriphInc,MemInc,PeriphDataAlignment,MemDataAlignment,Mode,Priority,SignalID,Polarity,RequestNumber,SyncSignalID,SyncPolarity,SyncEnable,EventEnable,SyncRequestNumber
Dma.USART1_RX.2.SignalID=NONE
Dma.USART1_RX.2.SyncEnable=DISABLE
Dma.USART1_RX.2.SyncPolarity=HAL_DMAMUX_SYNC_NO_EVENT
Dma.USART1_RX.2.SyncRequestNumber=1
Dma.USART1_RX.2.SyncSignalID=NONE
File.Version=6
I2C1.IPParameters=Timing
I2C1.Timing=0x10B17DB5
I2C3.I2C_Speed_Mode=I2C_Fast_Plus
I2C3.IPParameters=Timing,I2C_Speed_Mode
I2C3.Timing=0x00910B1C
KeepUserPlacement=false
LPUART1.BaudRate=115200
LPUART1.IPParameters=BaudRate
MMTAppRegionsCount=0
MMTConfigApplied=false
Mcu.CPN=STM32WB55CGU6
Mcu.Family=STM32WB
Mcu.IP0=ADC1
Mcu.IP1=DMA
Mcu.IP10=RF
Mcu.IP11=RTC
Mcu.IP12=SEQUENCER
Mcu.IP13=SPI1
Mcu.IP14=STM32_WPAN
Mcu.IP15=SYS
Mcu.IP16=TIM2
Mcu.IP17=TIM16
Mcu.IP18=TIM17
Mcu.IP19=TINY_LPM
Mcu.IP2=HSEM
Mcu.IP20=USART1
Mcu.IP21=USB
Mcu.IP22=USB_DEVICE
Mcu.IP3=I2C1
Mcu.IP4=I2C3
Mcu.IP5=IPCC
Mcu.IP6=LPUART1
Mcu.IP7=MEMORYMAP
Mcu.IP8=NVIC
Mcu.IP9=RCC
Mcu.IPNb=23
Mcu.Name=STM32WB55CGUx
Mcu.Package=UFQFPN48
Mcu.Pin0=PC14-OSC32_IN
Mcu.Pin1=PC15-OSC32_OUT
Mcu.Pin10=PA7
Mcu.Pin11=PA9
Mcu.Pin12=RF1
Mcu.Pin13=OSC_OUT
Mcu.Pin14=OSC_IN
Mcu.Pin15=PB0
Mcu.Pin16=PB1
Mcu.Pin17=PA10
Mcu.Pin18=PA11
Mcu.Pin19=PA12
Mcu.Pin2=PB8
Mcu.Pin20=PA13
Mcu.Pin21=PA14
Mcu.Pin22=PB3
Mcu.Pin23=PB4
Mcu.Pin24=PB5
Mcu.Pin25=PB7
Mcu.Pin26=VP_ADC1_TempSens_Input
Mcu.Pin27=VP_ADC1_Vref_Input
Mcu.Pin28=VP_HSEM_VS_HSEM
Mcu.Pin29=VP_IPCC_VS_IPCC
Mcu.Pin3=PB9
Mcu.Pin30=VP_RTC_VS_RTC_Activate
Mcu.Pin31=VP_RTC_VS_RTC_Calendar
Mcu.Pin32=VP_RTC_VS_RTC_WakeUp_intern
Mcu.Pin33=VP_SEQUENCER_VS_SEQUENCER
Mcu.Pin34=VP_STM32_WPAN_VS_BLE_HOST
Mcu.Pin35=VP_SYS_VS_Systick
Mcu.Pin36=VP_TIM2_VS_ClockSourceINT
Mcu.Pin37=VP_TIM16_VS_ClockSourceINT
Mcu.Pin38=VP_TIM17_VS_ClockSourceINT
Mcu.Pin39=VP_TINY_LPM_VS_TINY_LPM
Mcu.Pin4=PA0
Mcu.Pin40=VP_USB_DEVICE_VS_USB_DEVICE_CDC_FS
Mcu.Pin41=VP_MEMORYMAP_VS_MEMORYMAP
Mcu.Pin42=VP_NimaLTD.I-CUBE-SPIF_VS_DriverJjSPIF_1.0.0_2.3.2
Mcu.Pin5=PA1
Mcu.Pin6=PA2
Mcu.Pin7=PA3
Mcu.Pin8=PA4
Mcu.Pin9=PA6
Mcu.PinsNb=43
Mcu.ThirdParty0=NimaLTD.I-CUBE-SPIF.2.3.2
Mcu.ThirdPartyNb=1
Mcu.UserConstants=
Mcu.UserName=STM32WB55CGUx
MxCube.Version=6.13.0
MxDb.Version=DB.6.0.130
NVIC.BusFault_IRQn=true\:0\:0\:false\:false\:true\:false\:false\:false
NVIC.DMA1_Channel1_IRQn=true\:4\:0\:true\:false\:true\:false\:true\:true
NVIC.DMA1_Channel2_IRQn=true\:2\:0\:true\:false\:true\:false\:true\:true
NVIC.DMA1_Channel3_IRQn=true\:0\:0\:false\:false\:true\:false\:true\:true
NVIC.DebugMonitor_IRQn=true\:0\:0\:false\:false\:true\:false\:false\:false
NVIC.EXTI15_10_IRQn=true\:1\:0\:true\:false\:true\:true\:true\:true
NVIC.ForceEnableDMAVector=true
NVIC.HSEM_IRQn=true\:0\:0\:false\:false\:true\:false\:true\:true
NVIC.HardFault_IRQn=true\:0\:0\:false\:false\:true\:false\:false\:false
NVIC.IPCC_C1_RX_IRQn=true\:0\:0\:false\:false\:true\:true\:true\:true
NVIC.IPCC_C1_TX_IRQn=true\:0\:0\:false\:false\:true\:true\:true\:true
NVIC.LPUART1_IRQn=true\:2\:0\:true\:false\:true\:true\:true\:true
NVIC.MemoryManagement_IRQn=true\:0\:0\:false\:false\:true\:false\:false\:false
NVIC.NonMaskableInt_IRQn=true\:0\:0\:false\:false\:true\:false\:false\:false
NVIC.PendSV_IRQn=true\:0\:0\:false\:false\:true\:false\:false\:false
NVIC.PriorityGroup=NVIC_PRIORITYGROUP_4
NVIC.RTC_WKUP_IRQn=true\:0\:0\:false\:false\:true\:true\:true\:true
NVIC.SPI1_IRQn=true\:3\:0\:true\:false\:true\:true\:true\:true
NVIC.SVCall_IRQn=true\:0\:0\:false\:false\:true\:false\:false\:false
NVIC.SysTick_IRQn=true\:15\:0\:false\:false\:true\:false\:true\:false
NVIC.TIM1_TRG_COM_TIM17_IRQn=true\:2\:0\:true\:false\:true\:true\:true\:true
NVIC.TIM1_UP_TIM16_IRQn=true\:4\:0\:true\:false\:true\:true\:true\:true
NVIC.USART1_IRQn=true\:0\:0\:false\:false\:true\:true\:true\:true
NVIC.USB_LP_IRQn=true\:5\:0\:true\:false\:true\:false\:true\:true
NVIC.UsageFault_IRQn=true\:0\:0\:false\:false\:true\:false\:false\:false
NimaLTD.I-CUBE-SPIF.2.3.2.DriverJjSPIF=true
NimaLTD.I-CUBE-SPIF.2.3.2.DriverJjSPIF_Checked=true
NimaLTD.I-CUBE-SPIF.2.3.2.IPParameters=SPIF_PLATFORM,DriverJjSPIF
NimaLTD.I-CUBE-SPIF.2.3.2.SPIF_PLATFORM=SPIF_PLATFORM_HAL
NimaLTD.I-CUBE-SPIF.2.3.2_SwParameter=DriverJjSPIF\:true;
OSC_IN.Mode=HSE-External-Oscillator
OSC_IN.Signal=RCC_OSC_IN
OSC_OUT.Mode=HSE-External-Oscillator
OSC_OUT.Signal=RCC_OSC_OUT
PA0.Locked=true
PA0.Signal=GPIO_Output
PA1.Mode=Full_Duplex_Master
PA1.Signal=SPI1_SCK
PA10.Mode=Asynchronous
PA10.Signal=USART1_RX
PA11.Mode=Device
PA11.Signal=USB_DM
PA12.Mode=Device
PA12.Signal=USB_DP
PA13.Mode=Trace_Asynchronous_SW
PA13.Signal=SYS_JTMS-SWDIO
PA14.Mode=Trace_Asynchronous_SW
PA14.Signal=SYS_JTCK-SWCLK
PA2.Mode=Asynchronous
PA2.Signal=LPUART1_TX
PA3.Mode=Asynchronous
PA3.Signal=LPUART1_RX
PA4.Signal=ADCx_IN9
PA6.Mode=Full_Duplex_Master
PA6.Signal=SPI1_MISO
PA7.Mode=I2C
PA7.Signal=I2C3_SCL
PA9.Mode=Asynchronous
PA9.Signal=USART1_TX
PB0.GPIOParameters=GPIO_Label
PB0.GPIO_Label=LED0
PB0.Locked=true
PB0.Signal=GPIO_Output
PB1.GPIOParameters=GPIO_Label
PB1.GPIO_Label=LED1
PB1.Locked=true
PB1.Signal=GPIO_Output
PB3.Mode=Trace_Asynchronous_SW
PB3.Signal=SYS_JTDO-SWO
PB4.Mode=I2C
PB4.Signal=I2C3_SDA
PB5.Mode=Full_Duplex_Master
PB5.Signal=SPI1_MOSI
PB7.GPIOParameters=GPIO_Label
PB7.GPIO_Label=SPI_CS
PB7.Locked=true
PB7.Signal=GPIO_Output
PB8.Mode=I2C
PB8.Signal=I2C1_SCL
PB9.Mode=I2C
PB9.Signal=I2C1_SDA
PC14-OSC32_IN.GPIOParameters=GPIO_ModeDefaultEXTI
PC14-OSC32_IN.GPIO_ModeDefaultEXTI=GPIO_MODE_IT_RISING_FALLING
PC14-OSC32_IN.Locked=true
PC14-OSC32_IN.Signal=GPXTI14
PC15-OSC32_OUT.GPIOParameters=GPIO_ModeDefaultEXTI
PC15-OSC32_OUT.GPIO_ModeDefaultEXTI=GPIO_MODE_IT_RISING_FALLING
PC15-OSC32_OUT.Locked=true
PC15-OSC32_OUT.Signal=GPXTI15
PCC.Ble.ConnectionInterval=1000.0
PCC.Ble.DataLength=6
PCC.Ble.IsUsed=false
PCC.Ble.Mode=NOT_SELECTED
PCC.Ble.PowerLevel=Min
PCC.Zigbee.IsUsed=false
PCC.Zigbee.Mode=Sleepy End Device
PCC.Zigbee.Payload=15
PCC.Zigbee.PoolPeriodicity=480.0
PCC.Zigbee.PowerLevel=Min
PCC.Zigbee.RequestPeriodicity=1500.0
PinOutPanel.RotationAngle=0
ProjectManager.AskForMigrate=true
ProjectManager.BackupPrevious=false
ProjectManager.CompilerOptimize=6
ProjectManager.ComputerToolchain=false
ProjectManager.CoupleFile=true
ProjectManager.CustomerFirmwarePackage=
ProjectManager.DefaultFWLocation=true
ProjectManager.DeletePrevious=true
ProjectManager.DeviceId=STM32WB55CGUx
ProjectManager.FirmwarePackage=STM32Cube FW_WB V1.21.0
ProjectManager.FreePins=false
ProjectManager.HalAssertFull=false
ProjectManager.HeapSize=0x200
ProjectManager.KeepUserCode=true
ProjectManager.LastFirmware=true
ProjectManager.LibraryCopy=1
ProjectManager.MainLocation=Core/Src
ProjectManager.NoMain=false
ProjectManager.PreviousToolchain=
ProjectManager.ProjectBuild=false
ProjectManager.ProjectFileName=balise_BL.ioc
ProjectManager.ProjectName=balise_BL
ProjectManager.ProjectStructure=
ProjectManager.RegisterCallBack=
ProjectManager.StackSize=0x400
ProjectManager.TargetToolchain=STM32CubeIDE
ProjectManager.ToolChainLocation=
ProjectManager.UAScriptAfterPath=
ProjectManager.UAScriptBeforePath=
ProjectManager.UnderRoot=true
ProjectManager.functionlistsort=1-SystemClock_Config-RCC-false-HAL-false,2-MX_GPIO_Init-GPIO-false-HAL-true,3-MX_DMA_Init-DMA-false-HAL-true,4-MX_ADC1_Init-ADC1-false-HAL-true,5-MX_I2C1_Init-I2C1-false-HAL-true,6-MX_I2C3_Init-I2C3-false-HAL-true,7-MX_LPUART1_UART_Init-LPUART1-false-HAL-true,8-MX_TIM2_Init-TIM2-false-HAL-true,9-MX_TIM16_Init-TIM16-false-HAL-true,10-MX_TIM17_Init-TIM17-false-HAL-true,11-MX_SPI1_Init-SPI1-false-HAL-true,12-MX_USART1_UART_Init-USART1-false-HAL-true,13-MX_USB_Device_Init-USB_DEVICE-false-HAL-false,14-MX_IPCC_Init-IPCC-false-HAL-true,15-MX_RTC_Init-RTC-false-HAL-true,16-APPE_Init-STM32_WPAN-false-HAL-false,0-MX_HSEM_Init-HSEM-false-HAL-true,0-MX_RF_Init-RF-false-HAL-true
RCC.ADCFreq_Value=48000000
RCC.AHB2CLKDivider=RCC_SYSCLK_DIV2
RCC.AHBFreq_Value=64000000
RCC.APB1Freq_Value=64000000
RCC.APB1TimFreq_Value=64000000
RCC.APB2Freq_Value=64000000
RCC.APB2TimFreq_Value=64000000
RCC.APB3Freq_Value=16000000
RCC.Cortex2Freq_Value=32000000
RCC.CortexFreq_Value=64000000
RCC.FCLK2Freq_Value=32000000
RCC.FCLKCortexFreq_Value=64000000
RCC.FamilyName=M
RCC.HCLK2Freq_Value=32000000
RCC.HCLK3Freq_Value=64000000
RCC.HCLKFreq_Value=64000000
RCC.HCLKRFFreq_Value=16000000
RCC.HSE_VALUE=32000000
RCC.HSI48_VALUE=48000000
RCC.HSI_VALUE=16000000
RCC.I2C1Freq_Value=64000000
RCC.I2C3Freq_Value=64000000
RCC.IPParameters=ADCFreq_Value,AHB2CLKDivider,AHBFreq_Value,APB1Freq_Value,APB1TimFreq_Value,APB2Freq_Value,APB2TimFreq_Value,APB3Freq_Value,Cortex2Freq_Value,CortexFreq_Value,FCLK2Freq_Value,FCLKCortexFreq_Value,FamilyName,HCLK2Freq_Value,HCLK3Freq_Value,HCLKFreq_Value,HCLKRFFreq_Value,HSE_VALUE,HSI48_VALUE,HSI_VALUE,I2C1Freq_Value,I2C3Freq_Value,LCDFreq_Value,LPTIM1Freq_Value,LPTIM2Freq_Value,LPUART1CLockSelection,LPUART1Freq_Value,LSCOPinFreq_Value,LSE_VALUE,LSI_VALUE,MCO1PinFreq_Value,MSIClockRange,PLLM,PLLPoutputFreq_Value,PLLQoutputFreq_Value,PLLRCLKFreq_Value,PLLSAI1N,PLLSAI1PoutputFreq_Value,PLLSAI1QoutputFreq_Value,PLLSAI1RoutputFreq_Value,PLLSourceVirtual,PWRFreq_Value,RFWKPFreq_Value,RNGFreq_Value,RTCClockSelection,RTCFreq_Value,SAI1Freq_Value,SMPS1Freq_Value,SMPSFreq_Value,SYSCLKFreq_VALUE,SYSCLKSource,USART1Freq_Value,USBFreq_Value,VCOInputFreq_Value,VCOOutputFreq_Value,VCOSAI1OutputFreq_Value
RCC.LCDFreq_Value=1000000
RCC.LPTIM1Freq_Value=64000000
RCC.LPTIM2Freq_Value=64000000
RCC.LPUART1CLockSelection=RCC_LPUART1CLKSOURCE_HSI
RCC.LPUART1Freq_Value=16000000
RCC.LSCOPinFreq_Value=32000
RCC.LSE_VALUE=32768
RCC.LSI_VALUE=32000
RCC.MCO1PinFreq_Value=64000000
RCC.MSIClockRange=RCC_MSIRANGE_10
RCC.PLLM=RCC_PLLM_DIV2
RCC.PLLPoutputFreq_Value=64000000
RCC.PLLQoutputFreq_Value=64000000
RCC.PLLRCLKFreq_Value=64000000
RCC.PLLSAI1N=6
RCC.PLLSAI1PoutputFreq_Value=48000000
RCC.PLLSAI1QoutputFreq_Value=48000000
RCC.PLLSAI1RoutputFreq_Value=48000000
RCC.PLLSourceVirtual=RCC_PLLSOURCE_HSE
RCC.PWRFreq_Value=64000000
RCC.RFWKPFreq_Value=31250
RCC.RNGFreq_Value=32000
RCC.RTCClockSelection=RCC_RTCCLKSOURCE_HSE_DIV32
RCC.RTCFreq_Value=1000000
RCC.SAI1Freq_Value=48000000
RCC.SMPS1Freq_Value=8000000
RCC.SMPSFreq_Value=4000000
RCC.SYSCLKFreq_VALUE=64000000
RCC.SYSCLKSource=RCC_SYSCLKSOURCE_PLLCLK
RCC.USART1Freq_Value=64000000
RCC.USBFreq_Value=48000000
RCC.VCOInputFreq_Value=16000000
RCC.VCOOutputFreq_Value=128000000
RCC.VCOSAI1OutputFreq_Value=96000000
RF1.Mode=RF1_Activate
RF1.Signal=RF_RF1
RTC.IPParameters=WakeUpClock-WakeUp
RTC.WakeUpClock-WakeUp=RTC_WAKEUPCLOCK_CK_SPRE_16BITS
SH.ADCx_IN9.0=ADC1_IN9,IN9-Single-Ended
SH.ADCx_IN9.ConfNb=1
SH.GPXTI14.0=GPIO_EXTI14
SH.GPXTI14.ConfNb=1
SH.GPXTI15.0=GPIO_EXTI15
SH.GPXTI15.ConfNb=1
SPI1.BaudRatePrescaler=SPI_BAUDRATEPRESCALER_8
SPI1.CalculateBaudRate=8.0 MBits/s
SPI1.DataSize=SPI_DATASIZE_8BIT
SPI1.Direction=SPI_DIRECTION_2LINES
SPI1.IPParameters=VirtualType,Mode,Direction,CalculateBaudRate,DataSize,BaudRatePrescaler
SPI1.Mode=SPI_MODE_MASTER
SPI1.VirtualType=VM_MASTER
STM32_WPAN.ADV_TYPE=ADV_IND
STM32_WPAN.AD_TYPE_COMPLETE_LOCAL_NAME=BALISEGPS
STM32_WPAN.AD_TYPE_COMPLETE_LOCAL_NAME_LENGTH=10
STM32_WPAN.BLE_APPLICATION_TYPE=BLE_SERVER_PROFILE
STM32_WPAN.BLE_CFG_HTS_INTERMEDIATE_TEMPERATURE=0
STM32_WPAN.BLE_STACK=FULL
STM32_WPAN.CFG_GAP_DEVICE_NAME=BALISE
STM32_WPAN.CFG_RTCCLK_DIVIDER_CONF=0
STM32_WPAN.CFG_RTC_ASYNCH_PRESCALER=127
STM32_WPAN.CFG_RTC_SYNCH_PRESCALER=7812
STM32_WPAN.CFG_TX_POWER=(0x18) /* -0.15dBm */
STM32_WPAN.CUSTOM_P2P_SERVER=Disabled
STM32_WPAN.CUSTOM_TEMPLATE=Enabled
STM32_WPAN.GAP_BROADCASTER_ROLE=0
STM32_WPAN.GAP_CENTRAL_ROLE=0
STM32_WPAN.GAP_PERIPHERAL_ROLE=0
STM32_WPAN.INCLUDE_AD_TYPE_COMPLETE_LOCAL_NAME=1
STM32_WPAN.INCLUDE_AD_TYPE_TX_POWER_LEVEL=1
STM32_WPAN.IPParameters=INCLUDE_AD_TYPE_COMPLETE_LOCAL_NAME,AD_TYPE_COMPLETE_LOCAL_NAME,AD_TYPE_COMPLETE_LOCAL_NAME_LENGTH,NUMBER_OF_SERVICES,SERVICE1_LONG_NAME,SERVICE1_SHORT_NAME,SERVICE1_CHAR1_LONG_NAME,SERVICE1_CHAR1_SHORT_NAME,SERVICE1_CHAR1_PROP_WRITE,SERVICE1_CHAR1_GATT_NOTIFY_WRITE_REQ_AND_WAIT_FOR_APPL_RESP,SERVICE1_CHAR1_GATT_NOTIFY_READ_REQ_AND_WAIT_FOR_APPL_RESP,CFG_RTC_ASYNCH_PRESCALER,CFG_RTC_SYNCH_PRESCALER,ADV_TYPE,INCLUDE_AD_TYPE_TX_POWER_LEVEL,GAP_PERIPHERAL_ROLE,GAP_BROADCASTER_ROLE,GAP_CENTRAL_ROLE,CFG_GAP_DEVICE_NAME,CFG_RTCCLK_DIVIDER_CONF,BLE_STACK,L2CAP_REQUEST_NEW_CONN_PARAM,CFG_TX_POWER,SERVICE1_NUMBER_OF_CHARACTERISTICS,SERVICE1_CHAR2_LONG_NAME,SERVICE1_CHAR2_SHORT_NAME,SERVICE1_CHAR2_VALUE_LENGTH,SERVICE1_CHAR1_LENGTH_CHARACTERISTIC,SERVICE1_CHAR1_VALUE_LENGTH,SERVICE1_CHAR2_PROP_NOTIFY,SERVICE1_CHAR2_UUID,BLE_CFG_HTS_INTERMEDIATE_TEMPERATURE,BLE_APPLICATION_TYPE,CUSTOM_P2P_SERVER,CUSTOM_TEMPLATE
STM32_WPAN.L2CAP_REQUEST_NEW_CONN_PARAM=0
STM32_WPAN.NUMBER_OF_SERVICES=1
STM32_WPAN.SERVICE1_CHAR1_GATT_NOTIFY_READ_REQ_AND_WAIT_FOR_APPL_RESP=\ 
STM32_WPAN.SERVICE1_CHAR1_GATT_NOTIFY_WRITE_REQ_AND_WAIT_FOR_APPL_RESP=\ 
STM32_WPAN.SERVICE1_CHAR1_LENGTH_CHARACTERISTIC=CHAR_VALUE_LEN_CONSTANT
STM32_WPAN.SERVICE1_CHAR1_LONG_NAME=charWrite
STM32_WPAN.SERVICE1_CHAR1_PROP_WRITE=CHAR_PROP_WRITE
STM32_WPAN.SERVICE1_CHAR1_SHORT_NAME=CharWrite
STM32_WPAN.SERVICE1_CHAR1_VALUE_LENGTH=64
STM32_WPAN.SERVICE1_CHAR2_LONG_NAME=sendnum
STM32_WPAN.SERVICE1_CHAR2_PROP_NOTIFY=CHAR_PROP_NOTIFY
STM32_WPAN.SERVICE1_CHAR2_SHORT_NAME=sendnum
STM32_WPAN.SERVICE1_CHAR2_UUID=00 01
STM32_WPAN.SERVICE1_CHAR2_VALUE_LENGTH=1
STM32_WPAN.SERVICE1_LONG_NAME=bpservice
STM32_WPAN.SERVICE1_NUMBER_OF_CHARACTERISTICS=1
STM32_WPAN.SERVICE1_SHORT_NAME=bpservice
TIM16.IPParameters=Prescaler,Period
TIM16.Period=1000-1
TIM16.Prescaler=64000-1
TIM17.IPParameters=Prescaler,Period
TIM17.Period=1000-1
TIM17.Prescaler=64000-1
TIM2.IPParameters=TIM_MasterOutputTrigger,Prescaler,Period
TIM2.Period=1000-1
TIM2.Prescaler=6400-1
TIM2.TIM_MasterOutputTrigger=TIM_TRGO_UPDATE
USART1.IPParameters=VirtualMode-Asynchronous
USART1.VirtualMode-Asynchronous=VM_ASYNC
USB_DEVICE.CLASS_NAME_FS=CDC
USB_DEVICE.IPParameters=VirtualMode,VirtualModeFS,CLASS_NAME_FS
USB_DEVICE.VirtualMode=Cdc
USB_DEVICE.VirtualModeFS=Cdc_FS
VP_ADC1_TempSens_Input.Mode=IN-TempSens
VP_ADC1_TempSens_Input.Signal=ADC1_TempSens_Input
VP_ADC1_Vref_Input.Mode=IN-Vrefint
VP_ADC1_Vref_Input.Signal=ADC1_Vref_Input
VP_HSEM_VS_HSEM.Mode=HSEM_Activate
VP_HSEM_VS_HSEM.Signal=HSEM_VS_HSEM
VP_IPCC_VS_IPCC.Mode=IPCC_Activate
VP_IPCC_VS_IPCC.Signal=IPCC_VS_IPCC
VP_MEMORYMAP_VS_MEMORYMAP.Mode=CurAppReg
VP_MEMORYMAP_VS_MEMORYMAP.Signal=MEMORYMAP_VS_MEMORYMAP
VP_NimaLTD.I-CUBE-SPIF_VS_DriverJjSPIF_1.0.0_2.3.2.Mode=DriverJjSPIF
VP_NimaLTD.I-CUBE-SPIF_VS_DriverJjSPIF_1.0.0_2.3.2.Signal=NimaLTD.I-CUBE-SPIF_VS_DriverJjSPIF_1.0.0_2.3.2
VP_RTC_VS_RTC_Activate.Mode=RTC_Enabled
VP_RTC_VS_RTC_Activate.Signal=RTC_VS_RTC_Activate
VP_RTC_VS_RTC_Calendar.Mode=RTC_Calendar
VP_RTC_VS_RTC_Calendar.Signal=RTC_VS_RTC_Calendar
VP_RTC_VS_RTC_WakeUp_intern.Mode=WakeUp
VP_RTC_VS_RTC_WakeUp_intern.Signal=RTC_VS_RTC_WakeUp_intern
VP_SEQUENCER_VS_SEQUENCER.Mode=SEQUENCER_Enabled
VP_SEQUENCER_VS_SEQUENCER.Signal=SEQUENCER_VS_SEQUENCER
VP_STM32_WPAN_VS_BLE_HOST.Mode=STM32_WPAN_Enabled
VP_STM32_WPAN_VS_BLE_HOST.Signal=STM32_WPAN_VS_BLE_HOST
VP_SYS_VS_Systick.Mode=SysTick
VP_SYS_VS_Systick.Signal=SYS_VS_Systick
VP_TIM16_VS_ClockSourceINT.Mode=Enable_Timer
VP_TIM16_VS_ClockSourceINT.Signal=TIM16_VS_ClockSourceINT
VP_TIM17_VS_ClockSourceINT.Mode=Enable_Timer
VP_TIM17_VS_ClockSourceINT.Signal=TIM17_VS_ClockSourceINT
VP_TIM2_VS_ClockSourceINT.Mode=Internal
VP_TIM2_VS_ClockSourceINT.Signal=TIM2_VS_ClockSourceINT
VP_TINY_LPM_VS_TINY_LPM.Mode=TINY_LPM_Enabled
VP_TINY_LPM_VS_TINY_LPM.Signal=TINY_LPM_VS_TINY_LPM
VP_USB_DEVICE_VS_USB_DEVICE_CDC_FS.Mode=CDC_FS
VP_USB_DEVICE_VS_USB_DEVICE_CDC_FS.Signal=USB_DEVICE_VS_USB_DEVICE_CDC_FS
board=custom
isbadioc=false
